
Microsoft Visual Studio Solution File, Format Version 12.00
# Visual Studio Version 17
VisualStudioVersion = 17.14.36811.4 d17.14
MinimumVisualStudioVersion = 10.0.40219.1
Project("{8BC9CEB8-8B4A-11D0-8D11-00A0C91BC942}") = "Sample2D", "Sample2D\Sample2D.vcxproj", "{E3939149-4024-41EA-87C7-A81647D19C60}"
EndProject
Project("{8BC9CEB8-8B4A-11D0-8D11-00A0C91BC942}") = "Sample3D", "Sample3D\Sample3D.vcxproj", "{37C2F17F-6982-40C6-93A4-F59B5F2E66E6}"
EndProject
Project("{8BC9CEB8-8B4A-11D0-8D11-00A0C91BC942}") = "Engine", "Engine\Engine.vcxproj", "{EA30298E-6FAC-420B-9C8E-70B4363FF1F0}"
EndProject
Global
	GlobalSection(SolutionConfigurationPlatforms) = preSolution
		Debug|x64 = Debug|x64
		Release|x64 = Release|x64
	EndGlobalSection
	GlobalSection(ProjectConfigurationPlatforms) = postSolution
		{EA30298E-6FAC-420B-9C8E-70B4363FF1F0}.Debug|x64.ActiveCfg = Debug|x64
		{EA30298E-6FAC-420B-9C8E-70B4363FF1F0}.Debug|x64.Build.0 = Debug|x64
		{EA30298E-6FAC-420B-9C8E-70B4363FF1F0}.Release|x64.ActiveCfg = Release|x64
		{EA30298E-6FAC-420B-9C8E-70B4363FF1F0}.Release|x64.Build.0 = Release|x64
		{E3939149-4024-41EA-87C7-A81647D19C60}.Debug|x64.ActiveCfg = Debug|x64
		{E3939149-4024-41EA-87C7-A81647D19C60}.Debug|x64.Build.0 = Debug|x64
		{E3939149-4024-41EA-87C7-A81647D19C60}.Release|x64.ActiveCfg = Release|x64
		{E3939149-4024-41EA-87C7-A81647D19C60}.Release|x64.Build.0 = Release|x64
		{37C2F17F-6982-40C6-93A4-F59B5F2E66E6}.Debug|x64.ActiveCfg = Debug|x64
		{37C2F17F-6982-40C6-93A4-F59B5F2E66E6}.Debug|x64.Build.0 = Debug|x64
		{37C2F17F-6982-40C6-93A4-F59B5F2E66E6}.Release|x64.ActiveCfg = Release|x64
		{37C2F17F-6982-40C6-93A4-F59B5F2E66E6}.Release|x64.Build.0 = Release|x64
	EndGlobalSection
	GlobalSection(SolutionProperties) = preSolution
		HideSolutionNode = FALSE
	EndGlobalSection
	GlobalSection(ExtensibilityGlobals) = postSolution
		SolutionGuid = {8FAF55B2-C4E9-48DE-9CBE-2CC46CB94931}
	EndGlobalSection
EndGlobal
