<?xml version="1.0" encoding="utf-8"?>
<Project ToolsVersion="4.0" xmlns="http://schemas.microsoft.com/developer/msbuild/2003">
  <ItemGroup>
    <ClCompile Include="Audio.cpp" />
    <ClCompile Include="Collider.cpp" />
    <ClCompile Include="GameEngine.cpp" />
    <ClCompile Include="Graphics.cpp" />
    <ClCompile Include="Image.cpp" />
    <ClCompile Include="Input.cpp" />
    <ClCompile Include="Mesh.cpp" />
    <ClCompile Include="Physics.cpp" />
    <ClCompile Include="RigidbodyComponent.cpp" />
    <ClCompile Include="Scene.cpp" />
    <ClCompile Include="SceneManager.cpp" />
    <ClCompile Include="Sprite.cpp" />
    <ClCompile Include="SpriteRenderer.cpp" />
    <ClCompile Include="Text.cpp" />
    <ClCompile Include="Texture.cpp" />
    <ClCompile Include="WICTextureLoader11.cpp" />
  </ItemGroup>
  <ItemGroup>
    <ClInclude Include="Audio.h" />
    <ClInclude Include="Camera.h" />
    <ClInclude Include="Collider.h" />
    <ClInclude Include="Component.h" />
    <ClInclude Include="EventBus.h" />
    <ClInclude Include="GameEngine.h" />
    <ClInclude Include="GameObject.h" />
    <ClInclude Include="Graphics.h" />
    <ClInclude Include="Image.h" />
    <ClInclude Include="Input.h" />
    <ClInclude Include="Light.h" />
    <ClInclude Include="Mesh.h" />
    <ClInclude Include="MeshRenderer.h" />
    <ClInclude Include="ObjectPool.h" />
    <ClInclude Include="Physics.h" />
    <ClInclude Include="RigidbodyComponent.h" />
    <ClInclude Include="Scene.h" />
    <ClInclude Include="SceneManager.h" />
    <ClInclude Include="Sprite.h" />
    <ClInclude Include="SpriteRenderer.h" />
    <ClInclude Include="Text.h" />
    <ClInclude Include="Texture.h" />
    <ClInclude Include="Transform.h" />
    <ClInclude Include="WICTextureLoader11.h" />
  </ItemGroup>
</Project>
