<?xml version="1.0" encoding="utf-8"?>
<Project ToolsVersion="4.0" xmlns="http://schemas.microsoft.com/developer/msbuild/2003">
  <ItemGroup>
    <Filter Include="Game">
      <UniqueIdentifier>{f556610a-ee69-4723-8f15-efd8042aa723}</UniqueIdentifier>
    </Filter>
    <Filter Include="Game\Components">
      <UniqueIdentifier>{571f907c-06f7-494e-8513-62e9ace31906}</UniqueIdentifier>
    </Filter>
    <Filter Include="Game\Objects">
      <UniqueIdentifier>{9d3f8c1e-4b2a-4e7d-8f6b-2a1c3d4e5f60}</UniqueIdentifier>
    </Filter>
    <Filter Include="Game\Scenes">
      <UniqueIdentifier>{3b796013-b1c9-41e0-ae23-89682bff0a6f}</UniqueIdentifier>
    </Filter>
  </ItemGroup>
  <ItemGroup>
    <ClCompile Include="main.cpp" />
    <ClCompile Include="Game\Components\BulletController.cpp">
      <Filter>Game\Components</Filter>
    </ClCompile>
    <ClCompile Include="Game\Components\BulletManager.cpp">
      <Filter>Game\Components</Filter>
    </ClCompile>
    <ClCompile Include="Game\Components\ButtonController.cpp">
      <Filter>Game\Components</Filter>
    </ClCompile>
    <ClCompile Include="Game\Components\EnemyController.cpp">
      <Filter>Game\Components</Filter>
    </ClCompile>
    <ClCompile Include="Game\Components\EnemyManager.cpp">
      <Filter>Game\Components</Filter>
    </ClCompile>
    <ClCompile Include="Game\Components\GameManager.cpp">
      <Filter>Game\Components</Filter>
    </ClCompile>
    <ClCompile Include="Game\Components\GroundController.cpp">
      <Filter>Game\Components</Filter>
    </ClCompile>
    <ClCompile Include="Game\Components\HUDController.cpp">
      <Filter>Game\Components</Filter>
    </ClCompile>
    <ClCompile Include="Game\Objects\BulletSpawner.cpp">
      <Filter>Game\Objects</Filter>
    </ClCompile>
    <ClCompile Include="Game\Objects\Button.cpp">
      <Filter>Game\Objects</Filter>
    </ClCompile>
    <ClCompile Include="Game\Objects\EnemySpawner.cpp">
      <Filter>Game\Objects</Filter>
    </ClCompile>
    <ClCompile Include="Game\Objects\GameSystem.cpp">
      <Filter>Game\Objects</Filter>
    </ClCompile>
    <ClCompile Include="Game\Objects\HUD.cpp">
      <Filter>Game\Objects</Filter>
    </ClCompile>
    <ClCompile Include="Game\Objects\StartButton.cpp">
      <Filter>Game\Objects</Filter>
    </ClCompile>
    <ClCompile Include="Game\Components\CameraController.cpp">
      <Filter>Game\Components</Filter>
    </ClCompile>
    <ClCompile Include="Game\Components\PlayerController.cpp">
      <Filter>Game\Components</Filter>
    </ClCompile>
    <ClCompile Include="Game\Components\TitleController.cpp">
      <Filter>Game\Components</Filter>
    </ClCompile>
    <ClCompile Include="Game\Objects\Cube.cpp">
      <Filter>Game\Objects</Filter>
    </ClCompile>
    <ClCompile Include="Game\Objects\Ground.cpp">
      <Filter>Game\Objects</Filter>
    </ClCompile>
    <ClCompile Include="Game\Objects\Player.cpp">
      <Filter>Game\Objects</Filter>
    </ClCompile>
    <ClCompile Include="Game\Objects\Skybox.cpp">
      <Filter>Game\Objects</Filter>
    </ClCompile>
    <ClCompile Include="Game\Objects\Sphere.cpp">
      <Filter>Game\Objects</Filter>
    </ClCompile>
    <ClCompile Include="Game\Objects\Title.cpp">
      <Filter>Game\Objects</Filter>
    </ClCompile>
    <ClCompile Include="Game\Scenes\GameScene.cpp">
      <Filter>Game\Scenes</Filter>
    </ClCompile>
    <ClCompile Include="Game\Scenes\TitleScene.cpp">
      <Filter>Game\Scenes</Filter>
    </ClCompile>
  </ItemGroup>
  <ItemGroup>
    <ClInclude Include="Game\Components\BulletController.h">
      <Filter>Game\Components</Filter>
    </ClInclude>
    <ClInclude Include="Game\Components\BulletManager.h">
      <Filter>Game\Components</Filter>
    </ClInclude>
    <ClInclude Include="Game\Components\ButtonController.h">
      <Filter>Game\Components</Filter>
    </ClInclude>
    <ClInclude Include="Game\Components\EnemyController.h">
      <Filter>Game\Components</Filter>
    </ClInclude>
    <ClInclude Include="Game\Components\EnemyManager.h">
      <Filter>Game\Components</Filter>
    </ClInclude>
    <ClInclude Include="Game\Components\GameManager.h">
      <Filter>Game\Components</Filter>
    </ClInclude>
    <ClInclude Include="Game\Components\GroundController.h">
      <Filter>Game\Components</Filter>
    </ClInclude>
    <ClInclude Include="Game\Components\HUDController.h">
      <Filter>Game\Components</Filter>
    </ClInclude>
    <ClInclude Include="Game\Objects\BulletSpawner.h">
      <Filter>Game\Objects</Filter>
    </ClInclude>
    <ClInclude Include="Game\Objects\Button.h">
      <Filter>Game\Objects</Filter>
    </ClInclude>
    <ClInclude Include="Game\Objects\EnemySpawner.h">
      <Filter>Game\Objects</Filter>
    </ClInclude>
    <ClInclude Include="Game\Objects\GameSystem.h">
      <Filter>Game\Objects</Filter>
    </ClInclude>
    <ClInclude Include="Game\Objects\HUD.h">
      <Filter>Game\Objects</Filter>
    </ClInclude>
    <ClInclude Include="Game\Objects\StartButton.h">
      <Filter>Game\Objects</Filter>
    </ClInclude>
    <ClInclude Include="Game\Components\CameraController.h">
      <Filter>Game\Components</Filter>
    </ClInclude>
    <ClInclude Include="Game\Components\PlayerController.h">
      <Filter>Game\Components</Filter>
    </ClInclude>
    <ClInclude Include="Game\Components\SkyboxFollowComponent.h">
      <Filter>Game\Components</Filter>
    </ClInclude>
    <ClInclude Include="Game\Components\SpinComponent.h">
      <Filter>Game\Components</Filter>
    </ClInclude>
    <ClInclude Include="Game\Components\TitleController.h">
      <Filter>Game\Components</Filter>
    </ClInclude>
    <ClInclude Include="Game\Objects\Cube.h">
      <Filter>Game\Objects</Filter>
    </ClInclude>
    <ClInclude Include="Game\Objects\Ground.h">
      <Filter>Game\Objects</Filter>
    </ClInclude>
    <ClInclude Include="Game\Objects\Player.h">
      <Filter>Game\Objects</Filter>
    </ClInclude>
    <ClInclude Include="Game\Objects\Skybox.h">
      <Filter>Game\Objects</Filter>
    </ClInclude>
    <ClInclude Include="Game\Objects\Sphere.h">
      <Filter>Game\Objects</Filter>
    </ClInclude>
    <ClInclude Include="Game\Objects\Title.h">
      <Filter>Game\Objects</Filter>
    </ClInclude>
    <ClInclude Include="Game\Scenes\GameScene.h">
      <Filter>Game\Scenes</Filter>
    </ClInclude>
    <ClInclude Include="Game\Scenes\TitleScene.h">
      <Filter>Game\Scenes</Filter>
    </ClInclude>
  </ItemGroup>
</Project>
